
Microsoft Visual Studio Solution File, Format Version 11.00
# Visual Studio 2010
Project("{FAE04EC0-301F-11D3-BF4B-00C04F79EFBC}") = "d3sandbox", "d3sandbox\d3sandbox.csproj", "{7A094D2A-4441-4A57-844B-7CC459D510CF}"
EndProject
Project("{8BC9CEB8-8B4A-11D0-8D11-00A0C91BC942}") = "fasmdll_managed", "lib\fasmdll_managed\fasmdll_managed.vcxproj", "{61D8CF34-1FD7-4A01-BEC1-1A8E8050A9C6}"
EndProject
Project("{FAE04EC0-301F-11D3-BF4B-00C04F79EFBC}") = "BlackMagic", "lib\BlackMagic\BlackMagic.csproj", "{79FD54B0-DEAB-459F-83B9-F1CED68D288B}"
EndProject
Project("{FAE04EC0-301F-11D3-BF4B-00C04F79EFBC}") = "CrystalMpq", "lib\CrystalMpq\CrystalMpq.csproj", "{B5A4A3C8-5F65-4112-B147-31E2AA1A1E9F}"
EndProject
Project("{FAE04EC0-301F-11D3-BF4B-00C04F79EFBC}") = "libdiablo3", "libdiablo3\libdiablo3.csproj", "{4001B1DA-6DC3-45C3-810A-A66EF7BA79A6}"
EndProject
Project("{FAE04EC0-301F-11D3-BF4B-00C04F79EFBC}") = "d3codegen", "d3codegen\d3codegen.csproj", "{D5F43257-430E-4615-BE9C-83B5D5569E92}"
EndProject
Project("{FAE04EC0-301F-11D3-BF4B-00C04F79EFBC}") = "TreasureMap", "TreasureMap\TreasureMap.csproj", "{3D2B26A1-B85C-4B35-93B5-51C0C972C7DD}"
EndProject
Global
	GlobalSection(SolutionConfigurationPlatforms) = preSolution
		Debug|Any CPU = Debug|Any CPU
		Debug|Mixed Platforms = Debug|Mixed Platforms
		Debug|x86 = Debug|x86
		Release|Any CPU = Release|Any CPU
		Release|Mixed Platforms = Release|Mixed Platforms
		Release|x86 = Release|x86
	EndGlobalSection
	GlobalSection(ProjectConfigurationPlatforms) = postSolution
		{7A094D2A-4441-4A57-844B-7CC459D510CF}.Debug|Any CPU.ActiveCfg = Debug|x86
		{7A094D2A-4441-4A57-844B-7CC459D510CF}.Debug|Mixed Platforms.ActiveCfg = Debug|x86
		{7A094D2A-4441-4A57-844B-7CC459D510CF}.Debug|Mixed Platforms.Build.0 = Debug|x86
		{7A094D2A-4441-4A57-844B-7CC459D510CF}.Debug|x86.ActiveCfg = Debug|x86
		{7A094D2A-4441-4A57-844B-7CC459D510CF}.Debug|x86.Build.0 = Debug|x86
		{7A094D2A-4441-4A57-844B-7CC459D510CF}.Release|Any CPU.ActiveCfg = Release|x86
		{7A094D2A-4441-4A57-844B-7CC459D510CF}.Release|Mixed Platforms.ActiveCfg = Release|x86
		{7A094D2A-4441-4A57-844B-7CC459D510CF}.Release|Mixed Platforms.Build.0 = Release|x86
		{7A094D2A-4441-4A57-844B-7CC459D510CF}.Release|x86.ActiveCfg = Release|x86
		{7A094D2A-4441-4A57-844B-7CC459D510CF}.Release|x86.Build.0 = Release|x86
		{61D8CF34-1FD7-4A01-BEC1-1A8E8050A9C6}.Debug|Any CPU.ActiveCfg = Debug|Win32
		{61D8CF34-1FD7-4A01-BEC1-1A8E8050A9C6}.Debug|Mixed Platforms.ActiveCfg = Debug|Win32
		{61D8CF34-1FD7-4A01-BEC1-1A8E8050A9C6}.Debug|Mixed Platforms.Build.0 = Debug|Win32
		{61D8CF34-1FD7-4A01-BEC1-1A8E8050A9C6}.Debug|x86.ActiveCfg = Debug|Win32
		{61D8CF34-1FD7-4A01-BEC1-1A8E8050A9C6}.Debug|x86.Build.0 = Debug|Win32
		{61D8CF34-1FD7-4A01-BEC1-1A8E8050A9C6}.Release|Any CPU.ActiveCfg = Release|Win32
		{61D8CF34-1FD7-4A01-BEC1-1A8E8050A9C6}.Release|Mixed Platforms.ActiveCfg = Release|Win32
		{61D8CF34-1FD7-4A01-BEC1-1A8E8050A9C6}.Release|Mixed Platforms.Build.0 = Release|Win32
		{61D8CF34-1FD7-4A01-BEC1-1A8E8050A9C6}.Release|x86.ActiveCfg = Release|Win32
		{79FD54B0-DEAB-459F-83B9-F1CED68D288B}.Debug|Any CPU.ActiveCfg = Debug|Any CPU
		{79FD54B0-DEAB-459F-83B9-F1CED68D288B}.Debug|Any CPU.Build.0 = Debug|Any CPU
		{79FD54B0-DEAB-459F-83B9-F1CED68D288B}.Debug|Mixed Platforms.ActiveCfg = Debug|x86
		{79FD54B0-DEAB-459F-83B9-F1CED68D288B}.Debug|Mixed Platforms.Build.0 = Debug|x86
		{79FD54B0-DEAB-459F-83B9-F1CED68D288B}.Debug|x86.ActiveCfg = Debug|x86
		{79FD54B0-DEAB-459F-83B9-F1CED68D288B}.Debug|x86.Build.0 = Debug|x86
		{79FD54B0-DEAB-459F-83B9-F1CED68D288B}.Release|Any CPU.ActiveCfg = Release|Any CPU
		{79FD54B0-DEAB-459F-83B9-F1CED68D288B}.Release|Any CPU.Build.0 = Release|Any CPU
		{79FD54B0-DEAB-459F-83B9-F1CED68D288B}.Release|Mixed Platforms.ActiveCfg = Release|x86
		{79FD54B0-DEAB-459F-83B9-F1CED68D288B}.Release|Mixed Platforms.Build.0 = Release|x86
		{79FD54B0-DEAB-459F-83B9-F1CED68D288B}.Release|x86.ActiveCfg = Release|x86
		{79FD54B0-DEAB-459F-83B9-F1CED68D288B}.Release|x86.Build.0 = Release|x86
		{B5A4A3C8-5F65-4112-B147-31E2AA1A1E9F}.Debug|Any CPU.ActiveCfg = Debug|Any CPU
		{B5A4A3C8-5F65-4112-B147-31E2AA1A1E9F}.Debug|Any CPU.Build.0 = Debug|Any CPU
		{B5A4A3C8-5F65-4112-B147-31E2AA1A1E9F}.Debug|Mixed Platforms.ActiveCfg = Debug|x86
		{B5A4A3C8-5F65-4112-B147-31E2AA1A1E9F}.Debug|Mixed Platforms.Build.0 = Debug|x86
		{B5A4A3C8-5F65-4112-B147-31E2AA1A1E9F}.Debug|x86.ActiveCfg = Debug|x86
		{B5A4A3C8-5F65-4112-B147-31E2AA1A1E9F}.Debug|x86.Build.0 = Debug|x86
		{B5A4A3C8-5F65-4112-B147-31E2AA1A1E9F}.Release|Any CPU.ActiveCfg = Release|Any CPU
		{B5A4A3C8-5F65-4112-B147-31E2AA1A1E9F}.Release|Any CPU.Build.0 = Release|Any CPU
		{B5A4A3C8-5F65-4112-B147-31E2AA1A1E9F}.Release|Mixed Platforms.ActiveCfg = Release|x86
		{B5A4A3C8-5F65-4112-B147-31E2AA1A1E9F}.Release|Mixed Platforms.Build.0 = Release|x86
		{B5A4A3C8-5F65-4112-B147-31E2AA1A1E9F}.Release|x86.ActiveCfg = Release|Any CPU
		{4001B1DA-6DC3-45C3-810A-A66EF7BA79A6}.Debug|Any CPU.ActiveCfg = Debug|Any CPU
		{4001B1DA-6DC3-45C3-810A-A66EF7BA79A6}.Debug|Any CPU.Build.0 = Debug|Any CPU
		{4001B1DA-6DC3-45C3-810A-A66EF7BA79A6}.Debug|Mixed Platforms.ActiveCfg = Debug|Any CPU
		{4001B1DA-6DC3-45C3-810A-A66EF7BA79A6}.Debug|Mixed Platforms.Build.0 = Debug|Any CPU
		{4001B1DA-6DC3-45C3-810A-A66EF7BA79A6}.Debug|x86.ActiveCfg = Debug|Any CPU
		{4001B1DA-6DC3-45C3-810A-A66EF7BA79A6}.Release|Any CPU.ActiveCfg = Release|Any CPU
		{4001B1DA-6DC3-45C3-810A-A66EF7BA79A6}.Release|Any CPU.Build.0 = Release|Any CPU
		{4001B1DA-6DC3-45C3-810A-A66EF7BA79A6}.Release|Mixed Platforms.ActiveCfg = Release|Any CPU
		{4001B1DA-6DC3-45C3-810A-A66EF7BA79A6}.Release|Mixed Platforms.Build.0 = Release|Any CPU
		{4001B1DA-6DC3-45C3-810A-A66EF7BA79A6}.Release|x86.ActiveCfg = Release|Any CPU
		{D5F43257-430E-4615-BE9C-83B5D5569E92}.Debug|Any CPU.ActiveCfg = Debug|x86
		{D5F43257-430E-4615-BE9C-83B5D5569E92}.Debug|Mixed Platforms.ActiveCfg = Debug|x86
		{D5F43257-430E-4615-BE9C-83B5D5569E92}.Debug|Mixed Platforms.Build.0 = Debug|x86
		{D5F43257-430E-4615-BE9C-83B5D5569E92}.Debug|x86.ActiveCfg = Debug|x86
		{D5F43257-430E-4615-BE9C-83B5D5569E92}.Debug|x86.Build.0 = Debug|x86
		{D5F43257-430E-4615-BE9C-83B5D5569E92}.Release|Any CPU.ActiveCfg = Release|x86
		{D5F43257-430E-4615-BE9C-83B5D5569E92}.Release|Mixed Platforms.ActiveCfg = Release|x86
		{D5F43257-430E-4615-BE9C-83B5D5569E92}.Release|Mixed Platforms.Build.0 = Release|x86
		{D5F43257-430E-4615-BE9C-83B5D5569E92}.Release|x86.ActiveCfg = Release|x86
		{D5F43257-430E-4615-BE9C-83B5D5569E92}.Release|x86.Build.0 = Release|x86
		{3D2B26A1-B85C-4B35-93B5-51C0C972C7DD}.Debug|Any CPU.ActiveCfg = Debug|x86
		{3D2B26A1-B85C-4B35-93B5-51C0C972C7DD}.Debug|Mixed Platforms.ActiveCfg = Debug|x86
		{3D2B26A1-B85C-4B35-93B5-51C0C972C7DD}.Debug|Mixed Platforms.Build.0 = Debug|x86
		{3D2B26A1-B85C-4B35-93B5-51C0C972C7DD}.Debug|x86.ActiveCfg = Debug|x86
		{3D2B26A1-B85C-4B35-93B5-51C0C972C7DD}.Debug|x86.Build.0 = Debug|x86
		{3D2B26A1-B85C-4B35-93B5-51C0C972C7DD}.Release|Any CPU.ActiveCfg = Release|x86
		{3D2B26A1-B85C-4B35-93B5-51C0C972C7DD}.Release|Mixed Platforms.ActiveCfg = Release|x86
		{3D2B26A1-B85C-4B35-93B5-51C0C972C7DD}.Release|Mixed Platforms.Build.0 = Release|x86
		{3D2B26A1-B85C-4B35-93B5-51C0C972C7DD}.Release|x86.ActiveCfg = Release|x86
		{3D2B26A1-B85C-4B35-93B5-51C0C972C7DD}.Release|x86.Build.0 = Release|x86
	EndGlobalSection
	GlobalSection(SolutionProperties) = preSolution
		HideSolutionNode = FALSE
	EndGlobalSection
EndGlobal
